// !$*UTF8*$!
{
	archiveVersion = 1;
	classes = {
	};
	objectVersion = 46;
	objects = {

/* Begin PBXBuildFile section */
		65A2E6741C1B5E1F00E5A518 /* AppDelegate.swift in Sources */ = {isa = PBXBuildFile; fileRef = 65A2E6731C1B5E1F00E5A518 /* AppDelegate.swift */; };
		65A2E6761C1B5E1F00E5A518 /* BooksViewController.swift in Sources */ = {isa = PBXBuildFile; fileRef = 65A2E6751C1B5E1F00E5A518 /* BooksViewController.swift */; };
		65A2E6791C1B5E1F00E5A518 /* Main.storyboard in Resources */ = {isa = PBXBuildFile; fileRef = 65A2E6771C1B5E1F00E5A518 /* Main.storyboard */; };
		65A2E67B1C1B5E1F00E5A518 /* Images.xcassets in Resources */ = {isa = PBXBuildFile; fileRef = 65A2E67A1C1B5E1F00E5A518 /* Images.xcassets */; };
		65A2E67E1C1B5E1F00E5A518 /* LaunchScreen.xib in Resources */ = {isa = PBXBuildFile; fileRef = 65A2E67C1C1B5E1F00E5A518 /* LaunchScreen.xib */; };
		65A2E68A1C1B5E1F00E5A518 /* vorkosiganTests.swift in Sources */ = {isa = PBXBuildFile; fileRef = 65A2E6891C1B5E1F00E5A518 /* vorkosiganTests.swift */; };
		65A2E6941C1B647600E5A518 /* BookTableViewCell.swift in Sources */ = {isa = PBXBuildFile; fileRef = 65A2E6931C1B647600E5A518 /* BookTableViewCell.swift */; };
		65A2E6961C2242A300E5A518 /* Book.swift in Sources */ = {isa = PBXBuildFile; fileRef = 65A2E6951C2242A300E5A518 /* Book.swift */; };
		65A2E6981C224D2900E5A518 /* Omnibus.swift in Sources */ = {isa = PBXBuildFile; fileRef = 65A2E6971C224D2900E5A518 /* Omnibus.swift */; };
		65A2E6B31C22518400E5A518 /* A Civil Campaign.jpg in Resources */ = {isa = PBXBuildFile; fileRef = 65A2E69A1C22518400E5A518 /* A Civil Campaign.jpg */; };
		65A2E6B41C22518400E5A518 /* Barrayar.jpg in Resources */ = {isa = PBXBuildFile; fileRef = 65A2E69B1C22518400E5A518 /* Barrayar.jpg */; };
		65A2E6B51C22518400E5A518 /* Brothers in Arms.jpg in Resources */ = {isa = PBXBuildFile; fileRef = 65A2E69C1C22518400E5A518 /* Brothers in Arms.jpg */; };
		65A2E6B61C22518400E5A518 /* Captain Vorpatril's Alliance.jpg in Resources */ = {isa = PBXBuildFile; fileRef = 65A2E69D1C22518400E5A518 /* Captain Vorpatril's Alliance.jpg */; };
		65A2E6B71C22518400E5A518 /* Cetaganda.jpg in Resources */ = {isa = PBXBuildFile; fileRef = 65A2E69E1C22518400E5A518 /* Cetaganda.jpg */; };
		65A2E6B81C22518400E5A518 /* Cordelia's Honor.jpg in Resources */ = {isa = PBXBuildFile; fileRef = 65A2E69F1C22518400E5A518 /* Cordelia's Honor.jpg */; };
		65A2E6B91C22518400E5A518 /* Cryoburn.jpg in Resources */ = {isa = PBXBuildFile; fileRef = 65A2E6A01C22518400E5A518 /* Cryoburn.jpg */; };
		65A2E6BA1C22518400E5A518 /* Diplomatic Immunity.jpg in Resources */ = {isa = PBXBuildFile; fileRef = 65A2E6A11C22518400E5A518 /* Diplomatic Immunity.jpg */; };
		65A2E6BB1C22518400E5A518 /* "Dreamweavers Dilemma".jpg in Resources */ = {isa = PBXBuildFile; fileRef = 65A2E6A21C22518400E5A518 /* "Dreamweavers Dilemma".jpg */; };
		65A2E6BC1C22518400E5A518 /* Ethan of Athos.jpg in Resources */ = {isa = PBXBuildFile; fileRef = 65A2E6A31C22518400E5A518 /* Ethan of Athos.jpg */; };
		65A2E6BD1C22518400E5A518 /* Falling Free.jpg in Resources */ = {isa = PBXBuildFile; fileRef = 65A2E6A41C22518400E5A518 /* Falling Free.jpg */; };
		65A2E6BE1C22518400E5A518 /* Gentleman Jole and the Red Queen.jpg in Resources */ = {isa = PBXBuildFile; fileRef = 65A2E6A51C22518400E5A518 /* Gentleman Jole and the Red Queen.jpg */; };
		65A2E6BF1C22518400E5A518 /* Komarr.jpg in Resources */ = {isa = PBXBuildFile; fileRef = 65A2E6A61C22518400E5A518 /* Komarr.jpg */; };
		65A2E6C01C22518400E5A518 /* "Labyrinth".jpg in Resources */ = {isa = PBXBuildFile; fileRef = 65A2E6A71C22518400E5A518 /* "Labyrinth".jpg */; };
		65A2E6C11C22518400E5A518 /* Memory.jpg in Resources */ = {isa = PBXBuildFile; fileRef = 65A2E6A81C22518400E5A518 /* Memory.jpg */; };
		65A2E6C21C22518400E5A518 /* Miles Errant.jpg in Resources */ = {isa = PBXBuildFile; fileRef = 65A2E6A91C22518400E5A518 /* Miles Errant.jpg */; };
		65A2E6C31C22518400E5A518 /* Miles in Love.jpg in Resources */ = {isa = PBXBuildFile; fileRef = 65A2E6AA1C22518400E5A518 /* Miles in Love.jpg */; };
		65A2E6C41C22518400E5A518 /* Miles, Mutants, and Microbes.jpg in Resources */ = {isa = PBXBuildFile; fileRef = 65A2E6AB1C22518400E5A518 /* Miles, Mutants, and Microbes.jpg */; };
		65A2E6C51C22518400E5A518 /* Miles, Mystery, and Mayhem.jpg in Resources */ = {isa = PBXBuildFile; fileRef = 65A2E6AC1C22518400E5A518 /* Miles, Mystery, and Mayhem.jpg */; };
		65A2E6C61C22518400E5A518 /* Shards of Honor.jpg in Resources */ = {isa = PBXBuildFile; fileRef = 65A2E6AD1C22518400E5A518 /* Shards of Honor.jpg */; };
		65A2E6C71C22518400E5A518 /* "The Mountains of Mourning".jpg in Resources */ = {isa = PBXBuildFile; fileRef = 65A2E6AE1C22518400E5A518 /* "The Mountains of Mourning".jpg */; };
		65A2E6C81C22518400E5A518 /* The Vor Game.jpg in Resources */ = {isa = PBXBuildFile; fileRef = 65A2E6AF1C22518400E5A518 /* The Vor Game.jpg */; };
		65A2E6C91C22518400E5A518 /* The Warrior's Apprentice.jpg in Resources */ = {isa = PBXBuildFile; fileRef = 65A2E6B01C22518400E5A518 /* The Warrior's Apprentice.jpg */; };
		65A2E6CA1C22518400E5A518 /* "Winterfair Gifts".jpg in Resources */ = {isa = PBXBuildFile; fileRef = 65A2E6B11C22518400E5A518 /* "Winterfair Gifts".jpg */; };
		65A2E6CB1C22518400E5A518 /* Young Miles.jpg in Resources */ = {isa = PBXBuildFile; fileRef = 65A2E6B21C22518400E5A518 /* Young Miles.jpg */; };
		65A2E6CD1C25E80300E5A518 /* "Aftermaths".jpg in Resources */ = {isa = PBXBuildFile; fileRef = 65A2E6CC1C25E80300E5A518 /* "Aftermaths".jpg */; };
		65A2E6CF1C25E8B700E5A518 /* Borders of Infinity.jpg in Resources */ = {isa = PBXBuildFile; fileRef = 65A2E6CE1C25E8B700E5A518 /* Borders of Infinity.jpg */; };
		65A2E6D11C25E90100E5A518 /* "The Borders of Infinity".jpg in Resources */ = {isa = PBXBuildFile; fileRef = 65A2E6D01C25E90100E5A518 /* "The Borders of Infinity".jpg */; };
		65A2E6D31C25E9DA00E5A518 /* Mirror Dance.jpg in Resources */ = {isa = PBXBuildFile; fileRef = 65A2E6D21C25E9DA00E5A518 /* Mirror Dance.jpg */; };
		65A2E6D51C25EA6900E5A518 /* Test of Honor.jpg in Resources */ = {isa = PBXBuildFile; fileRef = 65A2E6D41C25EA6900E5A518 /* Test of Honor.jpg */; };
/* End PBXBuildFile section */

/* Begin PBXContainerItemProxy section */
		65A2E6841C1B5E1F00E5A518 /* PBXContainerItemProxy */ = {
			isa = PBXContainerItemProxy;
			containerPortal = 65A2E6661C1B5E1F00E5A518 /* Project object */;
			proxyType = 1;
			remoteGlobalIDString = 65A2E66D1C1B5E1F00E5A518;
			remoteInfo = vorkosigan;
		};
/* End PBXContainerItemProxy section */

/* Begin PBXFileReference section */
		65A2E66E1C1B5E1F00E5A518 /* vorkosigan.app */ = {isa = PBXFileReference; explicitFileType = wrapper.application; includeInIndex = 0; path = vorkosigan.app; sourceTree = BUILT_PRODUCTS_DIR; };
		65A2E6721C1B5E1F00E5A518 /* Info.plist */ = {isa = PBXFileReference; lastKnownFileType = text.plist.xml; path = Info.plist; sourceTree = "<group>"; };
		65A2E6731C1B5E1F00E5A518 /* AppDelegate.swift */ = {isa = PBXFileReference; lastKnownFileType = sourcecode.swift; path = AppDelegate.swift; sourceTree = "<group>"; };
		65A2E6751C1B5E1F00E5A518 /* BooksViewController.swift */ = {isa = PBXFileReference; lastKnownFileType = sourcecode.swift; path = BooksViewController.swift; sourceTree = "<group>"; };
		65A2E6781C1B5E1F00E5A518 /* Base */ = {isa = PBXFileReference; lastKnownFileType = file.storyboard; name = Base; path = Base.lproj/Main.storyboard; sourceTree = "<group>"; };
		65A2E67A1C1B5E1F00E5A518 /* Images.xcassets */ = {isa = PBXFileReference; lastKnownFileType = folder.assetcatalog; path = Images.xcassets; sourceTree = "<group>"; };
		65A2E67D1C1B5E1F00E5A518 /* Base */ = {isa = PBXFileReference; lastKnownFileType = file.xib; name = Base; path = Base.lproj/LaunchScreen.xib; sourceTree = "<group>"; };
		65A2E6831C1B5E1F00E5A518 /* vorkosiganTests.xctest */ = {isa = PBXFileReference; explicitFileType = wrapper.cfbundle; includeInIndex = 0; path = vorkosiganTests.xctest; sourceTree = BUILT_PRODUCTS_DIR; };
		65A2E6881C1B5E1F00E5A518 /* Info.plist */ = {isa = PBXFileReference; lastKnownFileType = text.plist.xml; path = Info.plist; sourceTree = "<group>"; };
		65A2E6891C1B5E1F00E5A518 /* vorkosiganTests.swift */ = {isa = PBXFileReference; lastKnownFileType = sourcecode.swift; path = vorkosiganTests.swift; sourceTree = "<group>"; };
		65A2E6931C1B647600E5A518 /* BookTableViewCell.swift */ = {isa = PBXFileReference; fileEncoding = 4; lastKnownFileType = sourcecode.swift; path = BookTableViewCell.swift; sourceTree = "<group>"; };
		65A2E6951C2242A300E5A518 /* Book.swift */ = {isa = PBXFileReference; fileEncoding = 4; lastKnownFileType = sourcecode.swift; path = Book.swift; sourceTree = "<group>"; };
		65A2E6971C224D2900E5A518 /* Omnibus.swift */ = {isa = PBXFileReference; fileEncoding = 4; lastKnownFileType = sourcecode.swift; path = Omnibus.swift; sourceTree = "<group>"; };
		65A2E69A1C22518400E5A518 /* A Civil Campaign.jpg */ = {isa = PBXFileReference; lastKnownFileType = image.jpeg; path = "A Civil Campaign.jpg"; sourceTree = "<group>"; };
		65A2E69B1C22518400E5A518 /* Barrayar.jpg */ = {isa = PBXFileReference; lastKnownFileType = image.jpeg; path = Barrayar.jpg; sourceTree = "<group>"; };
		65A2E69C1C22518400E5A518 /* Brothers in Arms.jpg */ = {isa = PBXFileReference; lastKnownFileType = image.jpeg; path = "Brothers in Arms.jpg"; sourceTree = "<group>"; };
		65A2E69D1C22518400E5A518 /* Captain Vorpatril's Alliance.jpg */ = {isa = PBXFileReference; lastKnownFileType = image.jpeg; path = "Captain Vorpatril's Alliance.jpg"; sourceTree = "<group>"; };
		65A2E69E1C22518400E5A518 /* Cetaganda.jpg */ = {isa = PBXFileReference; lastKnownFileType = image.jpeg; path = Cetaganda.jpg; sourceTree = "<group>"; };
		65A2E69F1C22518400E5A518 /* Cordelia's Honor.jpg */ = {isa = PBXFileReference; lastKnownFileType = image.jpeg; path = "Cordelia's Honor.jpg"; sourceTree = "<group>"; };
		65A2E6A01C22518400E5A518 /* Cryoburn.jpg */ = {isa = PBXFileReference; lastKnownFileType = image.jpeg; path = Cryoburn.jpg; sourceTree = "<group>"; };
		65A2E6A11C22518400E5A518 /* Diplomatic Immunity.jpg */ = {isa = PBXFileReference; lastKnownFileType = image.jpeg; path = "Diplomatic Immunity.jpg"; sourceTree = "<group>"; };
		65A2E6A21C22518400E5A518 /* "Dreamweavers Dilemma".jpg */ = {isa = PBXFileReference; lastKnownFileType = image.jpeg; path = "\"Dreamweavers Dilemma\".jpg"; sourceTree = "<group>"; };
		65A2E6A31C22518400E5A518 /* Ethan of Athos.jpg */ = {isa = PBXFileReference; lastKnownFileType = image.jpeg; path = "Ethan of Athos.jpg"; sourceTree = "<group>"; };
		65A2E6A41C22518400E5A518 /* Falling Free.jpg */ = {isa = PBXFileReference; lastKnownFileType = image.jpeg; path = "Falling Free.jpg"; sourceTree = "<group>"; };
		65A2E6A51C22518400E5A518 /* Gentleman Jole and the Red Queen.jpg */ = {isa = PBXFileReference; lastKnownFileType = image.jpeg; path = "Gentleman Jole and the Red Queen.jpg"; sourceTree = "<group>"; };
		65A2E6A61C22518400E5A518 /* Komarr.jpg */ = {isa = PBXFileReference; lastKnownFileType = image.jpeg; path = Komarr.jpg; sourceTree = "<group>"; };
		65A2E6A71C22518400E5A518 /* "Labyrinth".jpg */ = {isa = PBXFileReference; lastKnownFileType = image.jpeg; path = "\"Labyrinth\".jpg"; sourceTree = "<group>"; };
		65A2E6A81C22518400E5A518 /* Memory.jpg */ = {isa = PBXFileReference; lastKnownFileType = image.jpeg; path = Memory.jpg; sourceTree = "<group>"; };
		65A2E6A91C22518400E5A518 /* Miles Errant.jpg */ = {isa = PBXFileReference; lastKnownFileType = image.jpeg; path = "Miles Errant.jpg"; sourceTree = "<group>"; };
		65A2E6AA1C22518400E5A518 /* Miles in Love.jpg */ = {isa = PBXFileReference; lastKnownFileType = image.jpeg; path = "Miles in Love.jpg"; sourceTree = "<group>"; };
		65A2E6AB1C22518400E5A518 /* Miles, Mutants, and Microbes.jpg */ = {isa = PBXFileReference; lastKnownFileType = image.jpeg; path = "Miles, Mutants, and Microbes.jpg"; sourceTree = "<group>"; };
		65A2E6AC1C22518400E5A518 /* Miles, Mystery, and Mayhem.jpg */ = {isa = PBXFileReference; lastKnownFileType = image.jpeg; path = "Miles, Mystery, and Mayhem.jpg"; sourceTree = "<group>"; };
		65A2E6AD1C22518400E5A518 /* Shards of Honor.jpg */ = {isa = PBXFileReference; lastKnownFileType = image.jpeg; path = "Shards of Honor.jpg"; sourceTree = "<group>"; };
		65A2E6AE1C22518400E5A518 /* "The Mountains of Mourning".jpg */ = {isa = PBXFileReference; lastKnownFileType = image.jpeg; path = "\"The Mountains of Mourning\".jpg"; sourceTree = "<group>"; };
		65A2E6AF1C22518400E5A518 /* The Vor Game.jpg */ = {isa = PBXFileReference; lastKnownFileType = image.jpeg; path = "The Vor Game.jpg"; sourceTree = "<group>"; };
		65A2E6B01C22518400E5A518 /* The Warrior's Apprentice.jpg */ = {isa = PBXFileReference; lastKnownFileType = image.jpeg; path = "The Warrior's Apprentice.jpg"; sourceTree = "<group>"; };
		65A2E6B11C22518400E5A518 /* "Winterfair Gifts".jpg */ = {isa = PBXFileReference; lastKnownFileType = image.jpeg; path = "\"Winterfair Gifts\".jpg"; sourceTree = "<group>"; };
		65A2E6B21C22518400E5A518 /* Young Miles.jpg */ = {isa = PBXFileReference; lastKnownFileType = image.jpeg; path = "Young Miles.jpg"; sourceTree = "<group>"; };
		65A2E6CC1C25E80300E5A518 /* "Aftermaths".jpg */ = {isa = PBXFileReference; lastKnownFileType = image.jpeg; path = "\"Aftermaths\".jpg"; sourceTree = "<group>"; };
		65A2E6CE1C25E8B700E5A518 /* Borders of Infinity.jpg */ = {isa = PBXFileReference; lastKnownFileType = image.jpeg; path = "Borders of Infinity.jpg"; sourceTree = "<group>"; };
		65A2E6D01C25E90100E5A518 /* "The Borders of Infinity".jpg */ = {isa = PBXFileReference; lastKnownFileType = image.jpeg; path = "\"The Borders of Infinity\".jpg"; sourceTree = "<group>"; };
		65A2E6D21C25E9DA00E5A518 /* Mirror Dance.jpg */ = {isa = PBXFileReference; lastKnownFileType = image.jpeg; path = "Mirror Dance.jpg"; sourceTree = "<group>"; };
		65A2E6D41C25EA6900E5A518 /* Test of Honor.jpg */ = {isa = PBXFileReference; lastKnownFileType = image.jpeg; path = "Test of Honor.jpg"; sourceTree = "<group>"; };
/* End PBXFileReference section */

/* Begin PBXFrameworksBuildPhase section */
		65A2E66B1C1B5E1F00E5A518 /* Frameworks */ = {
			isa = PBXFrameworksBuildPhase;
			buildActionMask = 2147483647;
			files = (
			);
			runOnlyForDeploymentPostprocessing = 0;
		};
		65A2E6801C1B5E1F00E5A518 /* Frameworks */ = {
			isa = PBXFrameworksBuildPhase;
			buildActionMask = 2147483647;
			files = (
			);
			runOnlyForDeploymentPostprocessing = 0;
		};
/* End PBXFrameworksBuildPhase section */

/* Begin PBXGroup section */
		65A2E6651C1B5E1F00E5A518 = {
			isa = PBXGroup;
			children = (
				65A2E6701C1B5E1F00E5A518 /* vorkosigan */,
				65A2E6861C1B5E1F00E5A518 /* vorkosiganTests */,
				65A2E66F1C1B5E1F00E5A518 /* Products */,
			);
			sourceTree = "<group>";
		};
		65A2E66F1C1B5E1F00E5A518 /* Products */ = {
			isa = PBXGroup;
			children = (
				65A2E66E1C1B5E1F00E5A518 /* vorkosigan.app */,
				65A2E6831C1B5E1F00E5A518 /* vorkosiganTests.xctest */,
			);
			name = Products;
			sourceTree = "<group>";
		};
		65A2E6701C1B5E1F00E5A518 /* vorkosigan */ = {
			isa = PBXGroup;
			children = (
				65A2E6991C22514B00E5A518 /* Images */,
				65A2E6731C1B5E1F00E5A518 /* AppDelegate.swift */,
				65A2E6931C1B647600E5A518 /* BookTableViewCell.swift */,
				65A2E6751C1B5E1F00E5A518 /* BooksViewController.swift */,
				65A2E6951C2242A300E5A518 /* Book.swift */,
				65A2E6971C224D2900E5A518 /* Omnibus.swift */,
				65A2E6771C1B5E1F00E5A518 /* Main.storyboard */,
				65A2E67A1C1B5E1F00E5A518 /* Images.xcassets */,
				65A2E67C1C1B5E1F00E5A518 /* LaunchScreen.xib */,
				65A2E6711C1B5E1F00E5A518 /* Supporting Files */,
			);
			path = vorkosigan;
			sourceTree = "<group>";
		};
		65A2E6711C1B5E1F00E5A518 /* Supporting Files */ = {
			isa = PBXGroup;
			children = (
				65A2E6721C1B5E1F00E5A518 /* Info.plist */,
			);
			name = "Supporting Files";
			sourceTree = "<group>";
		};
		65A2E6861C1B5E1F00E5A518 /* vorkosiganTests */ = {
			isa = PBXGroup;
			children = (
				65A2E6891C1B5E1F00E5A518 /* vorkosiganTests.swift */,
				65A2E6871C1B5E1F00E5A518 /* Supporting Files */,
			);
			path = vorkosiganTests;
			sourceTree = "<group>";
		};
		65A2E6871C1B5E1F00E5A518 /* Supporting Files */ = {
			isa = PBXGroup;
			children = (
				65A2E6881C1B5E1F00E5A518 /* Info.plist */,
			);
			name = "Supporting Files";
			sourceTree = "<group>";
		};
		65A2E6991C22514B00E5A518 /* Images */ = {
			isa = PBXGroup;
			children = (
				65A2E6D41C25EA6900E5A518 /* Test of Honor.jpg */,
				65A2E6D21C25E9DA00E5A518 /* Mirror Dance.jpg */,
				65A2E6D01C25E90100E5A518 /* "The Borders of Infinity".jpg */,
				65A2E6CE1C25E8B700E5A518 /* Borders of Infinity.jpg */,
				65A2E6CC1C25E80300E5A518 /* "Aftermaths".jpg */,
				65A2E69A1C22518400E5A518 /* A Civil Campaign.jpg */,
				65A2E69B1C22518400E5A518 /* Barrayar.jpg */,
				65A2E69C1C22518400E5A518 /* Brothers in Arms.jpg */,
				65A2E69D1C22518400E5A518 /* Captain Vorpatril's Alliance.jpg */,
				65A2E69E1C22518400E5A518 /* Cetaganda.jpg */,
				65A2E69F1C22518400E5A518 /* Cordelia's Honor.jpg */,
				65A2E6A01C22518400E5A518 /* Cryoburn.jpg */,
				65A2E6A11C22518400E5A518 /* Diplomatic Immunity.jpg */,
				65A2E6A21C22518400E5A518 /* "Dreamweavers Dilemma".jpg */,
				65A2E6A31C22518400E5A518 /* Ethan of Athos.jpg */,
				65A2E6A41C22518400E5A518 /* Falling Free.jpg */,
				65A2E6A51C22518400E5A518 /* Gentleman Jole and the Red Queen.jpg */,
				65A2E6A61C22518400E5A518 /* Komarr.jpg */,
				65A2E6A71C22518400E5A518 /* "Labyrinth".jpg */,
				65A2E6A81C22518400E5A518 /* Memory.jpg */,
				65A2E6A91C22518400E5A518 /* Miles Errant.jpg */,
				65A2E6AA1C22518400E5A518 /* Miles in Love.jpg */,
				65A2E6AB1C22518400E5A518 /* Miles, Mutants, and Microbes.jpg */,
				65A2E6AC1C22518400E5A518 /* Miles, Mystery, and Mayhem.jpg */,
				65A2E6AD1C22518400E5A518 /* Shards of Honor.jpg */,
				65A2E6AE1C22518400E5A518 /* "The Mountains of Mourning".jpg */,
				65A2E6AF1C22518400E5A518 /* The Vor Game.jpg */,
				65A2E6B01C22518400E5A518 /* The Warrior's Apprentice.jpg */,
				65A2E6B11C22518400E5A518 /* "Winterfair Gifts".jpg */,
				65A2E6B21C22518400E5A518 /* Young Miles.jpg */,
			);
			path = Images;
			sourceTree = "<group>";
		};
/* End PBXGroup section */

/* Begin PBXNativeTarget section */
		65A2E66D1C1B5E1F00E5A518 /* vorkosigan */ = {
			isa = PBXNativeTarget;
			buildConfigurationList = 65A2E68D1C1B5E1F00E5A518 /* Build configuration list for PBXNativeTarget "vorkosigan" */;
			buildPhases = (
				65A2E66A1C1B5E1F00E5A518 /* Sources */,
				65A2E66B1C1B5E1F00E5A518 /* Frameworks */,
				65A2E66C1C1B5E1F00E5A518 /* Resources */,
			);
			buildRules = (
			);
			dependencies = (
			);
			name = vorkosigan;
			productName = vorkosigan;
			productReference = 65A2E66E1C1B5E1F00E5A518 /* vorkosigan.app */;
			productType = "com.apple.product-type.application";
		};
		65A2E6821C1B5E1F00E5A518 /* vorkosiganTests */ = {
			isa = PBXNativeTarget;
			buildConfigurationList = 65A2E6901C1B5E1F00E5A518 /* Build configuration list for PBXNativeTarget "vorkosiganTests" */;
			buildPhases = (
				65A2E67F1C1B5E1F00E5A518 /* Sources */,
				65A2E6801C1B5E1F00E5A518 /* Frameworks */,
				65A2E6811C1B5E1F00E5A518 /* Resources */,
			);
			buildRules = (
			);
			dependencies = (
				65A2E6851C1B5E1F00E5A518 /* PBXTargetDependency */,
			);
			name = vorkosiganTests;
			productName = vorkosiganTests;
			productReference = 65A2E6831C1B5E1F00E5A518 /* vorkosiganTests.xctest */;
			productType = "com.apple.product-type.bundle.unit-test";
		};
/* End PBXNativeTarget section */

/* Begin PBXProject section */
		65A2E6661C1B5E1F00E5A518 /* Project object */ = {
			isa = PBXProject;
			attributes = {
				LastUpgradeCheck = 0640;
				ORGANIZATIONNAME = "Grace O'Hair-Sherman";
				TargetAttributes = {
					65A2E66D1C1B5E1F00E5A518 = {
						CreatedOnToolsVersion = 6.4;
					};
					65A2E6821C1B5E1F00E5A518 = {
						CreatedOnToolsVersion = 6.4;
						TestTargetID = 65A2E66D1C1B5E1F00E5A518;
					};
				};
			};
			buildConfigurationList = 65A2E6691C1B5E1F00E5A518 /* Build configuration list for PBXProject "vorkosigan" */;
			compatibilityVersion = "Xcode 3.2";
			developmentRegion = English;
			hasScannedForEncodings = 0;
			knownRegions = (
				en,
				Base,
			);
			mainGroup = 65A2E6651C1B5E1F00E5A518;
			productRefGroup = 65A2E66F1C1B5E1F00E5A518 /* Products */;
			projectDirPath = "";
			projectRoot = "";
			targets = (
				65A2E66D1C1B5E1F00E5A518 /* vorkosigan */,
				65A2E6821C1B5E1F00E5A518 /* vorkosiganTests */,
			);
		};
/* End PBXProject section */

/* Begin PBXResourcesBuildPhase section */
		65A2E66C1C1B5E1F00E5A518 /* Resources */ = {
			isa = PBXResourcesBuildPhase;
			buildActionMask = 2147483647;
			files = (
				65A2E6CF1C25E8B700E5A518 /* Borders of Infinity.jpg in Resources */,
				65A2E6B61C22518400E5A518 /* Captain Vorpatril's Alliance.jpg in Resources */,
				65A2E6C31C22518400E5A518 /* Miles in Love.jpg in Resources */,
				65A2E6B51C22518400E5A518 /* Brothers in Arms.jpg in Resources */,
				65A2E6D11C25E90100E5A518 /* "The Borders of Infinity".jpg in Resources */,
				65A2E6791C1B5E1F00E5A518 /* Main.storyboard in Resources */,
				65A2E67E1C1B5E1F00E5A518 /* LaunchScreen.xib in Resources */,
				65A2E6BB1C22518400E5A518 /* "Dreamweavers Dilemma".jpg in Resources */,
				65A2E6BF1C22518400E5A518 /* Komarr.jpg in Resources */,
				65A2E6C91C22518400E5A518 /* The Warrior's Apprentice.jpg in Resources */,
				65A2E6C71C22518400E5A518 /* "The Mountains of Mourning".jpg in Resources */,
				65A2E6B71C22518400E5A518 /* Cetaganda.jpg in Resources */,
				65A2E6BC1C22518400E5A518 /* Ethan of Athos.jpg in Resources */,
				65A2E6C11C22518400E5A518 /* Memory.jpg in Resources */,
				65A2E6CA1C22518400E5A518 /* "Winterfair Gifts".jpg in Resources */,
				65A2E6BA1C22518400E5A518 /* Diplomatic Immunity.jpg in Resources */,
				65A2E6C61C22518400E5A518 /* Shards of Honor.jpg in Resources */,
				65A2E6B81C22518400E5A518 /* Cordelia's Honor.jpg in Resources */,
				65A2E6C81C22518400E5A518 /* The Vor Game.jpg in Resources */,
				65A2E6C21C22518400E5A518 /* Miles Errant.jpg in Resources */,
				65A2E6CB1C22518400E5A518 /* Young Miles.jpg in Resources */,
				65A2E6CD1C25E80300E5A518 /* "Aftermaths".jpg in Resources */,
				65A2E6B41C22518400E5A518 /* Barrayar.jpg in Resources */,
				65A2E6B91C22518400E5A518 /* Cryoburn.jpg in Resources */,
				65A2E6BE1C22518400E5A518 /* Gentleman Jole and the Red Queen.jpg in Resources */,
				65A2E6C41C22518400E5A518 /* Miles, Mutants, and Microbes.jpg in Resources */,
				65A2E67B1C1B5E1F00E5A518 /* Images.xcassets in Resources */,
				65A2E6D31C25E9DA00E5A518 /* Mirror Dance.jpg in Resources */,
				65A2E6C01C22518400E5A518 /* "Labyrinth".jpg in Resources */,
				65A2E6D51C25EA6900E5A518 /* Test of Honor.jpg in Resources */,
				65A2E6BD1C22518400E5A518 /* Falling Free.jpg in Resources */,
				65A2E6C51C22518400E5A518 /* Miles, Mystery, and Mayhem.jpg in Resources */,
				65A2E6B31C22518400E5A518 /* A Civil Campaign.jpg in Resources */,
			);
			runOnlyForDeploymentPostprocessing = 0;
		};
		65A2E6811C1B5E1F00E5A518 /* Resources */ = {
			isa = PBXResourcesBuildPhase;
			buildActionMask = 2147483647;
			files = (
			);
			runOnlyForDeploymentPostprocessing = 0;
		};
/* End PBXResourcesBuildPhase section */

/* Begin PBXSourcesBuildPhase section */
		65A2E66A1C1B5E1F00E5A518 /* Sources */ = {
			isa = PBXSourcesBuildPhase;
			buildActionMask = 2147483647;
			files = (
				65A2E6981C224D2900E5A518 /* Omnibus.swift in Sources */,
				65A2E6961C2242A300E5A518 /* Book.swift in Sources */,
				65A2E6761C1B5E1F00E5A518 /* BooksViewController.swift in Sources */,
				65A2E6941C1B647600E5A518 /* BookTableViewCell.swift in Sources */,
				65A2E6741C1B5E1F00E5A518 /* AppDelegate.swift in Sources */,
			);
			runOnlyForDeploymentPostprocessing = 0;
		};
		65A2E67F1C1B5E1F00E5A518 /* Sources */ = {
			isa = PBXSourcesBuildPhase;
			buildActionMask = 2147483647;
			files = (
				65A2E68A1C1B5E1F00E5A518 /* vorkosiganTests.swift in Sources */,
			);
			runOnlyForDeploymentPostprocessing = 0;
		};
/* End PBXSourcesBuildPhase section */

/* Begin PBXTargetDependency section */
		65A2E6851C1B5E1F00E5A518 /* PBXTargetDependency */ = {
			isa = PBXTargetDependency;
			target = 65A2E66D1C1B5E1F00E5A518 /* vorkosigan */;
			targetProxy = 65A2E6841C1B5E1F00E5A518 /* PBXContainerItemProxy */;
		};
/* End PBXTargetDependency section */

/* Begin PBXVariantGroup section */
		65A2E6771C1B5E1F00E5A518 /* Main.storyboard */ = {
			isa = PBXVariantGroup;
			children = (
				65A2E6781C1B5E1F00E5A518 /* Base */,
			);
			name = Main.storyboard;
			sourceTree = "<group>";
		};
		65A2E67C1C1B5E1F00E5A518 /* LaunchScreen.xib */ = {
			isa = PBXVariantGroup;
			children = (
				65A2E67D1C1B5E1F00E5A518 /* Base */,
			);
			name = LaunchScreen.xib;
			sourceTree = "<group>";
		};
/* End PBXVariantGroup section */

/* Begin XCBuildConfiguration section */
		65A2E68B1C1B5E1F00E5A518 /* Debug */ = {
			isa = XCBuildConfiguration;
			buildSettings = {
				ALWAYS_SEARCH_USER_PATHS = NO;
				CLANG_CXX_LANGUAGE_STANDARD = "gnu++0x";
				CLANG_CXX_LIBRARY = "libc++";
				CLANG_ENABLE_MODULES = YES;
				CLANG_ENABLE_OBJC_ARC = YES;
				CLANG_WARN_BOOL_CONVERSION = YES;
				CLANG_WARN_CONSTANT_CONVERSION = YES;
				CLANG_WARN_DIRECT_OBJC_ISA_USAGE = YES_ERROR;
				CLANG_WARN_EMPTY_BODY = YES;
				CLANG_WARN_ENUM_CONVERSION = YES;
				CLANG_WARN_INT_CONVERSION = YES;
				CLANG_WARN_OBJC_ROOT_CLASS = YES_ERROR;
				CLANG_WARN_UNREACHABLE_CODE = YES;
				CLANG_WARN__DUPLICATE_METHOD_MATCH = YES;
				"CODE_SIGN_IDENTITY[sdk=iphoneos*]" = "iPhone Developer";
				COPY_PHASE_STRIP = NO;
				DEBUG_INFORMATION_FORMAT = "dwarf-with-dsym";
				ENABLE_STRICT_OBJC_MSGSEND = YES;
				GCC_C_LANGUAGE_STANDARD = gnu99;
				GCC_DYNAMIC_NO_PIC = NO;
				GCC_NO_COMMON_BLOCKS = YES;
				GCC_OPTIMIZATION_LEVEL = 0;
				GCC_PREPROCESSOR_DEFINITIONS = (
					"DEBUG=1",
					"$(inherited)",
				);
				GCC_SYMBOLS_PRIVATE_EXTERN = NO;
				GCC_WARN_64_TO_32_BIT_CONVERSION = YES;
				GCC_WARN_ABOUT_RETURN_TYPE = YES_ERROR;
				GCC_WARN_UNDECLARED_SELECTOR = YES;
				GCC_WARN_UNINITIALIZED_AUTOS = YES_AGGRESSIVE;
				GCC_WARN_UNUSED_FUNCTION = YES;
				GCC_WARN_UNUSED_VARIABLE = YES;
				IPHONEOS_DEPLOYMENT_TARGET = 8.4;
				MTL_ENABLE_DEBUG_INFO = YES;
				ONLY_ACTIVE_ARCH = YES;
				SDKROOT = iphoneos;
				SWIFT_OPTIMIZATION_LEVEL = "-Onone";
				TARGETED_DEVICE_FAMILY = "1,2";
			};
			name = Debug;
		};
		65A2E68C1C1B5E1F00E5A518 /* Release */ = {
			isa = XCBuildConfiguration;
			buildSettings = {
				ALWAYS_SEARCH_USER_PATHS = NO;
				CLANG_CXX_LANGUAGE_STANDARD = "gnu++0x";
				CLANG_CXX_LIBRARY = "libc++";
				CLANG_ENABLE_MODULES = YES;
				CLANG_ENABLE_OBJC_ARC = YES;
				CLANG_WARN_BOOL_CONVERSION = YES;
				CLANG_WARN_CONSTANT_CONVERSION = YES;
				CLANG_WARN_DIRECT_OBJC_ISA_USAGE = YES_ERROR;
				CLANG_WARN_EMPTY_BODY = YES;
				CLANG_WARN_ENUM_CONVERSION = YES;
				CLANG_WARN_INT_CONVERSION = YES;
				CLANG_WARN_OBJC_ROOT_CLASS = YES_ERROR;
				CLANG_WARN_UNREACHABLE_CODE = YES;
				CLANG_WARN__DUPLICATE_METHOD_MATCH = YES;
				"CODE_SIGN_IDENTITY[sdk=iphoneos*]" = "iPhone Developer";
				COPY_PHASE_STRIP = NO;
				DEBUG_INFORMATION_FORMAT = "dwarf-with-dsym";
				ENABLE_NS_ASSERTIONS = NO;
				ENABLE_STRICT_OBJC_MSGSEND = YES;
				GCC_C_LANGUAGE_STANDARD = gnu99;
				GCC_NO_COMMON_BLOCKS = YES;
				GCC_WARN_64_TO_32_BIT_CONVERSION = YES;
				GCC_WARN_ABOUT_RETURN_TYPE = YES_ERROR;
				GCC_WARN_UNDECLARED_SELECTOR = YES;
				GCC_WARN_UNINITIALIZED_AUTOS = YES_AGGRESSIVE;
				GCC_WARN_UNUSED_FUNCTION = YES;
				GCC_WARN_UNUSED_VARIABLE = YES;
				IPHONEOS_DEPLOYMENT_TARGET = 8.4;
				MTL_ENABLE_DEBUG_INFO = NO;
				SDKROOT = iphoneos;
				TARGETED_DEVICE_FAMILY = "1,2";
				VALIDATE_PRODUCT = YES;
			};
			name = Release;
		};
		65A2E68E1C1B5E1F00E5A518 /* Debug */ = {
			isa = XCBuildConfiguration;
			buildSettings = {
				ASSETCATALOG_COMPILER_APPICON_NAME = AppIcon;
				INFOPLIST_FILE = vorkosigan/Info.plist;
				LD_RUNPATH_SEARCH_PATHS = "$(inherited) @executable_path/Frameworks";
				PRODUCT_NAME = "$(TARGET_NAME)";
			};
			name = Debug;
		};
		65A2E68F1C1B5E1F00E5A518 /* Release */ = {
			isa = XCBuildConfiguration;
			buildSettings = {
				ASSETCATALOG_COMPILER_APPICON_NAME = AppIcon;
				INFOPLIST_FILE = vorkosigan/Info.plist;
				LD_RUNPATH_SEARCH_PATHS = "$(inherited) @executable_path/Frameworks";
				PRODUCT_NAME = "$(TARGET_NAME)";
			};
			name = Release;
		};
		65A2E6911C1B5E1F00E5A518 /* Debug */ = {
			isa = XCBuildConfiguration;
			buildSettings = {
				BUNDLE_LOADER = "$(TEST_HOST)";
				FRAMEWORK_SEARCH_PATHS = (
					"$(SDKROOT)/Developer/Library/Frameworks",
					"$(inherited)",
				);
				GCC_PREPROCESSOR_DEFINITIONS = (
					"DEBUG=1",
					"$(inherited)",
				);
				INFOPLIST_FILE = vorkosiganTests/Info.plist;
				LD_RUNPATH_SEARCH_PATHS = "$(inherited) @executable_path/Frameworks @loader_path/Frameworks";
				PRODUCT_NAME = "$(TARGET_NAME)";
				TEST_HOST = "$(BUILT_PRODUCTS_DIR)/vorkosigan.app/vorkosigan";
			};
			name = Debug;
		};
		65A2E6921C1B5E1F00E5A518 /* Release */ = {
			isa = XCBuildConfiguration;
			buildSettings = {
				BUNDLE_LOADER = "$(TEST_HOST)";
				FRAMEWORK_SEARCH_PATHS = (
					"$(SDKROOT)/Developer/Library/Frameworks",
					"$(inherited)",
				);
				INFOPLIST_FILE = vorkosiganTests/Info.plist;
				LD_RUNPATH_SEARCH_PATHS = "$(inherited) @executable_path/Frameworks @loader_path/Frameworks";
				PRODUCT_NAME = "$(TARGET_NAME)";
				TEST_HOST = "$(BUILT_PRODUCTS_DIR)/vorkosigan.app/vorkosigan";
			};
			name = Release;
		};
/* End XCBuildConfiguration section */

/* Begin XCConfigurationList section */
		65A2E6691C1B5E1F00E5A518 /* Build configuration list for PBXProject "vorkosigan" */ = {
			isa = XCConfigurationList;
			buildConfigurations = (
				65A2E68B1C1B5E1F00E5A518 /* Debug */,
				65A2E68C1C1B5E1F00E5A518 /* Release */,
			);
			defaultConfigurationIsVisible = 0;
			defaultConfigurationName = Release;
		};
		65A2E68D1C1B5E1F00E5A518 /* Build configuration list for PBXNativeTarget "vorkosigan" */ = {
			isa = XCConfigurationList;
			buildConfigurations = (
				65A2E68E1C1B5E1F00E5A518 /* Debug */,
				65A2E68F1C1B5E1F00E5A518 /* Release */,
			);
			defaultConfigurationIsVisible = 0;
		};
		65A2E6901C1B5E1F00E5A518 /* Build configuration list for PBXNativeTarget "vorkosiganTests" */ = {
			isa = XCConfigurationList;
			buildConfigurations = (
				65A2E6911C1B5E1F00E5A518 /* Debug */,
				65A2E6921C1B5E1F00E5A518 /* Release */,
			);
			defaultConfigurationIsVisible = 0;
		};
/* End XCConfigurationList section */
	};
	rootObject = 65A2E6661C1B5E1F00E5A518 /* Project object */;
}
